
Microsoft Visual Studio Solution File, Format Version 12.00
# Visual Studio 15
VisualStudioVersion = 15.0.27004.2005
MinimumVisualStudioVersion = 10.0.40219.1
Project("{FAE04EC0-301F-11D3-BF4B-00C04F79EFBC}") = "Sample.Web", "Sample.Web\Sample.Web.csproj", "{584B3316-17DA-4DA4-B90A-866C95E243DF}"
EndProject
Project("{FAE04EC0-301F-11D3-BF4B-00C04F79EFBC}") = "Sample.DAL", "Sample.DAL\Sample.DAL.csproj", "{84A22D91-C58A-4A08-AA24-1B62B03EA00C}"
EndProject
Project("{FAE04EC0-301F-11D3-BF4B-00C04F79EFBC}") = "Sample.IDAL", "Sample.IDAL\Sample.IDAL.csproj", "{869B39B1-110A-4A82-81A5-0BA88DB9D5FE}"
EndProject
Project("{FAE04EC0-301F-11D3-BF4B-00C04F79EFBC}") = "Sample.Model", "Sample.Model\Sample.Model.csproj", "{716DCD4B-F4BD-410D-9BCE-96844219E67E}"
EndProject
Project("{2150E333-8FDC-42A3-9474-1A3956D46DE8}") = "Presentation", "Presentation", "{8D44071F-1FAD-4C79-ABA6-EA58081C40FE}"
EndProject
Project("{2150E333-8FDC-42A3-9474-1A3956D46DE8}") = "Service", "Service", "{BBCF8143-52AA-47BC-B534-950BB7D9095B}"
EndProject
Project("{2150E333-8FDC-42A3-9474-1A3956D46DE8}") = "Respository", "Respository", "{A5165AF8-6470-4CFD-9AFB-BABBC0D9B4DF}"
EndProject
Project("{2150E333-8FDC-42A3-9474-1A3956D46DE8}") = "Infrastracture", "Infrastracture", "{B458B250-F028-4F7C-87FB-7857DA8DD304}"
EndProject
Project("{FAE04EC0-301F-11D3-BF4B-00C04F79EFBC}") = "Sample.IBLL", "Sample.IBLL\Sample.IBLL.csproj", "{06761140-1FF3-4900-BA31-80C9D212BAD9}"
EndProject
Project("{FAE04EC0-301F-11D3-BF4B-00C04F79EFBC}") = "Sample.BLL", "Sample.BLL\Sample.BLL.csproj", "{CEE4A5F5-3F87-46F2-AB49-1E7D16095710}"
EndProject
Project("{FAE04EC0-301F-11D3-BF4B-00C04F79EFBC}") = "Sample.Common", "Sample.Common\Sample.Common.csproj", "{E806F3BA-8211-42AF-A648-651441562643}"
EndProject
Project("{FAE04EC0-301F-11D3-BF4B-00C04F79EFBC}") = "Sample.Inject", "Sample.Inject\Sample.Inject.csproj", "{BE020844-0D73-41FB-8927-01DFDC27B105}"
EndProject
Project("{FAE04EC0-301F-11D3-BF4B-00C04F79EFBC}") = "Sample.SiteSearch", "Sample.SiteSearch\Sample.SiteSearch.csproj", "{8ED8A99B-90F6-4A81-ACCB-182C6C8508E8}"
EndProject
Global
	GlobalSection(SolutionConfigurationPlatforms) = preSolution
		Debug|Any CPU = Debug|Any CPU
		Release|Any CPU = Release|Any CPU
	EndGlobalSection
	GlobalSection(ProjectConfigurationPlatforms) = postSolution
		{584B3316-17DA-4DA4-B90A-866C95E243DF}.Debug|Any CPU.ActiveCfg = Debug|Any CPU
		{584B3316-17DA-4DA4-B90A-866C95E243DF}.Debug|Any CPU.Build.0 = Debug|Any CPU
		{584B3316-17DA-4DA4-B90A-866C95E243DF}.Release|Any CPU.ActiveCfg = Release|Any CPU
		{584B3316-17DA-4DA4-B90A-866C95E243DF}.Release|Any CPU.Build.0 = Release|Any CPU
		{84A22D91-C58A-4A08-AA24-1B62B03EA00C}.Debug|Any CPU.ActiveCfg = Debug|Any CPU
		{84A22D91-C58A-4A08-AA24-1B62B03EA00C}.Debug|Any CPU.Build.0 = Debug|Any CPU
		{84A22D91-C58A-4A08-AA24-1B62B03EA00C}.Release|Any CPU.ActiveCfg = Release|Any CPU
		{84A22D91-C58A-4A08-AA24-1B62B03EA00C}.Release|Any CPU.Build.0 = Release|Any CPU
		{869B39B1-110A-4A82-81A5-0BA88DB9D5FE}.Debug|Any CPU.ActiveCfg = Debug|Any CPU
		{869B39B1-110A-4A82-81A5-0BA88DB9D5FE}.Debug|Any CPU.Build.0 = Debug|Any CPU
		{869B39B1-110A-4A82-81A5-0BA88DB9D5FE}.Release|Any CPU.ActiveCfg = Release|Any CPU
		{869B39B1-110A-4A82-81A5-0BA88DB9D5FE}.Release|Any CPU.Build.0 = Release|Any CPU
		{716DCD4B-F4BD-410D-9BCE-96844219E67E}.Debug|Any CPU.ActiveCfg = Debug|Any CPU
		{716DCD4B-F4BD-410D-9BCE-96844219E67E}.Debug|Any CPU.Build.0 = Debug|Any CPU
		{716DCD4B-F4BD-410D-9BCE-96844219E67E}.Release|Any CPU.ActiveCfg = Release|Any CPU
		{716DCD4B-F4BD-410D-9BCE-96844219E67E}.Release|Any CPU.Build.0 = Release|Any CPU
		{06761140-1FF3-4900-BA31-80C9D212BAD9}.Debug|Any CPU.ActiveCfg = Debug|Any CPU
		{06761140-1FF3-4900-BA31-80C9D212BAD9}.Debug|Any CPU.Build.0 = Debug|Any CPU
		{06761140-1FF3-4900-BA31-80C9D212BAD9}.Release|Any CPU.ActiveCfg = Release|Any CPU
		{06761140-1FF3-4900-BA31-80C9D212BAD9}.Release|Any CPU.Build.0 = Release|Any CPU
		{CEE4A5F5-3F87-46F2-AB49-1E7D16095710}.Debug|Any CPU.ActiveCfg = Debug|Any CPU
		{CEE4A5F5-3F87-46F2-AB49-1E7D16095710}.Debug|Any CPU.Build.0 = Debug|Any CPU
		{CEE4A5F5-3F87-46F2-AB49-1E7D16095710}.Release|Any CPU.ActiveCfg = Release|Any CPU
		{CEE4A5F5-3F87-46F2-AB49-1E7D16095710}.Release|Any CPU.Build.0 = Release|Any CPU
		{E806F3BA-8211-42AF-A648-651441562643}.Debug|Any CPU.ActiveCfg = Debug|Any CPU
		{E806F3BA-8211-42AF-A648-651441562643}.Debug|Any CPU.Build.0 = Debug|Any CPU
		{E806F3BA-8211-42AF-A648-651441562643}.Release|Any CPU.ActiveCfg = Release|Any CPU
		{E806F3BA-8211-42AF-A648-651441562643}.Release|Any CPU.Build.0 = Release|Any CPU
		{BE020844-0D73-41FB-8927-01DFDC27B105}.Debug|Any CPU.ActiveCfg = Debug|Any CPU
		{BE020844-0D73-41FB-8927-01DFDC27B105}.Debug|Any CPU.Build.0 = Debug|Any CPU
		{BE020844-0D73-41FB-8927-01DFDC27B105}.Release|Any CPU.ActiveCfg = Release|Any CPU
		{BE020844-0D73-41FB-8927-01DFDC27B105}.Release|Any CPU.Build.0 = Release|Any CPU
		{8ED8A99B-90F6-4A81-ACCB-182C6C8508E8}.Debug|Any CPU.ActiveCfg = Debug|Any CPU
		{8ED8A99B-90F6-4A81-ACCB-182C6C8508E8}.Debug|Any CPU.Build.0 = Debug|Any CPU
		{8ED8A99B-90F6-4A81-ACCB-182C6C8508E8}.Release|Any CPU.ActiveCfg = Release|Any CPU
		{8ED8A99B-90F6-4A81-ACCB-182C6C8508E8}.Release|Any CPU.Build.0 = Release|Any CPU
	EndGlobalSection
	GlobalSection(SolutionProperties) = preSolution
		HideSolutionNode = FALSE
	EndGlobalSection
	GlobalSection(NestedProjects) = preSolution
		{584B3316-17DA-4DA4-B90A-866C95E243DF} = {8D44071F-1FAD-4C79-ABA6-EA58081C40FE}
		{84A22D91-C58A-4A08-AA24-1B62B03EA00C} = {A5165AF8-6470-4CFD-9AFB-BABBC0D9B4DF}
		{869B39B1-110A-4A82-81A5-0BA88DB9D5FE} = {A5165AF8-6470-4CFD-9AFB-BABBC0D9B4DF}
		{716DCD4B-F4BD-410D-9BCE-96844219E67E} = {B458B250-F028-4F7C-87FB-7857DA8DD304}
		{06761140-1FF3-4900-BA31-80C9D212BAD9} = {BBCF8143-52AA-47BC-B534-950BB7D9095B}
		{CEE4A5F5-3F87-46F2-AB49-1E7D16095710} = {BBCF8143-52AA-47BC-B534-950BB7D9095B}
		{E806F3BA-8211-42AF-A648-651441562643} = {B458B250-F028-4F7C-87FB-7857DA8DD304}
		{BE020844-0D73-41FB-8927-01DFDC27B105} = {B458B250-F028-4F7C-87FB-7857DA8DD304}
		{8ED8A99B-90F6-4A81-ACCB-182C6C8508E8} = {8D44071F-1FAD-4C79-ABA6-EA58081C40FE}
	EndGlobalSection
	GlobalSection(ExtensibilityGlobals) = postSolution
		SolutionGuid = {DC824BA7-E1CE-4879-A653-B3B3B675E146}
	EndGlobalSection
EndGlobal
